// !$*UTF8*$!
{
	archiveVersion = 1;
	classes = {
	};
	objectVersion = 48;
	objects = {

/* Begin PBXBuildFile section */
		05318E0F274C397200A8DE2E /* GameController.framework in Frameworks */ = {isa = PBXBuildFile; fileRef = 05318E0E274C397200A8DE2E /* GameController.framework */; };
		8309BDC6253CCCFE0045E2A1 /* AppKit.framework in Frameworks */ = {isa = PBXBuildFile; fileRef = 8309BDC5253CCCFE0045E2A1 /* AppKit.framework */; };
		83BBE9EC20EB471700295997 /* MetalKit.framework in Frameworks */ = {isa = PBXBuildFile; fileRef = 83BBE9EA20EB471700295997 /* MetalKit.framework */; };
		83BBE9ED20EB471700295997 /* Metal.framework in Frameworks */ = {isa = PBXBuildFile; fileRef = 83BBE9EB20EB471700295997 /* Metal.framework */; };
		866F15E02B24A17B004090AA /* Accelerate.framework in Frameworks */ = {isa = PBXBuildFile; fileRef = 866F15DF2B24A17B004090AA /* Accelerate.framework */; };
		866F15E62B25E95A004090AA /* dot.cpp in Sources */ = {isa = PBXBuildFile; fileRef = 866F15E42B25E95A004090AA /* dot.cpp */; };
		866F15E72B25E95A004090AA /* grid.cpp in Sources */ = {isa = PBXBuildFile; fileRef = 866F15E52B25E95A004090AA /* grid.cpp */; };
		866F15EB2B25F35F004090AA /* Rocket.cpp in Sources */ = {isa = PBXBuildFile; fileRef = 866F15E92B25F35F004090AA /* Rocket.cpp */; };
		866F15EE2B25F376004090AA /* Environment.cpp in Sources */ = {isa = PBXBuildFile; fileRef = 866F15EC2B25F376004090AA /* Environment.cpp */; };
		86B15FFF2B3195B6007AF975 /* Foundation.framework in Frameworks */ = {isa = PBXBuildFile; fileRef = 86B15FFE2B3195B6007AF975 /* Foundation.framework */; };
		86B160A32B31960E007AF975 /* libmlx.a in Frameworks */ = {isa = PBXBuildFile; fileRef = 86B160012B31960E007AF975 /* libmlx.a */; };
		86B160A42B31960E007AF975 /* imgui_widgets.cpp in Sources */ = {isa = PBXBuildFile; fileRef = 86B160062B31960E007AF975 /* imgui_widgets.cpp */; };
		86B160A52B31960E007AF975 /* imgui_impl_metal.mm in Sources */ = {isa = PBXBuildFile; fileRef = 86B160092B31960E007AF975 /* imgui_impl_metal.mm */; };
		86B160A62B31960E007AF975 /* imgui.cpp in Sources */ = {isa = PBXBuildFile; fileRef = 86B1600A2B31960E007AF975 /* imgui.cpp */; };
		86B160A72B31960E007AF975 /* imgui_impl_osx.mm in Sources */ = {isa = PBXBuildFile; fileRef = 86B1600D2B31960E007AF975 /* imgui_impl_osx.mm */; };
		86B160A92B31960E007AF975 /* imgui_tables.cpp in Sources */ = {isa = PBXBuildFile; fileRef = 86B160102B31960E007AF975 /* imgui_tables.cpp */; };
		86B160AA2B31960E007AF975 /* imgui_demo.cpp in Sources */ = {isa = PBXBuildFile; fileRef = 86B160112B31960E007AF975 /* imgui_demo.cpp */; };
		86B160AB2B31960E007AF975 /* imgui_draw.cpp in Sources */ = {isa = PBXBuildFile; fileRef = 86B160122B31960E007AF975 /* imgui_draw.cpp */; };
		86B160AC2B31960E007AF975 /* ops.cpp in Sources */ = {isa = PBXBuildFile; fileRef = 86B160162B31960E007AF975 /* ops.cpp */; };
		86B160AD2B31960E007AF975 /* utils.cpp in Sources */ = {isa = PBXBuildFile; fileRef = 86B160182B31960E007AF975 /* utils.cpp */; };
		86B160AE2B31960E007AF975 /* transforms.cpp in Sources */ = {isa = PBXBuildFile; fileRef = 86B160192B31960E007AF975 /* transforms.cpp */; };
		86B160B02B31960E007AF975 /* random.cpp in Sources */ = {isa = PBXBuildFile; fileRef = 86B160232B31960E007AF975 /* random.cpp */; };
		86B160B12B31960E007AF975 /* fft.cpp in Sources */ = {isa = PBXBuildFile; fileRef = 86B160242B31960E007AF975 /* fft.cpp */; };
		86B160B22B31960E007AF975 /* device.cpp in Sources */ = {isa = PBXBuildFile; fileRef = 86B160262B31960E007AF975 /* device.cpp */; };
		86B160C22B31960E007AF975 /* mlx.metallib in Resources */ = {isa = PBXBuildFile; fileRef = 86B160412B31960E007AF975 /* mlx.metallib */; };
		86B160D82B31960E007AF975 /* copy.cpp in Sources */ = {isa = PBXBuildFile; fileRef = 86B160612B31960E007AF975 /* copy.cpp */; };
		86B160D92B31960E007AF975 /* scan.cpp in Sources */ = {isa = PBXBuildFile; fileRef = 86B160622B31960E007AF975 /* scan.cpp */; };
		86B160DA2B31960E007AF975 /* matmul.cpp in Sources */ = {isa = PBXBuildFile; fileRef = 86B160652B31960E007AF975 /* matmul.cpp */; };
		86B160DB2B31960E007AF975 /* indexing.cpp in Sources */ = {isa = PBXBuildFile; fileRef = 86B160662B31960E007AF975 /* indexing.cpp */; };
		86B160DC2B31960E007AF975 /* fft.cpp in Sources */ = {isa = PBXBuildFile; fileRef = 86B160672B31960E007AF975 /* fft.cpp */; };
		86B160DD2B31960E007AF975 /* device.cpp in Sources */ = {isa = PBXBuildFile; fileRef = 86B160682B31960E007AF975 /* device.cpp */; };
		86B160DE2B31960E007AF975 /* sort.cpp in Sources */ = {isa = PBXBuildFile; fileRef = 86B160692B31960E007AF975 /* sort.cpp */; };
		86B160DF2B31960E007AF975 /* allocator.cpp in Sources */ = {isa = PBXBuildFile; fileRef = 86B1606B2B31960E007AF975 /* allocator.cpp */; };
		86B160E02B31960E007AF975 /* primitives.cpp in Sources */ = {isa = PBXBuildFile; fileRef = 86B1606C2B31960E007AF975 /* primitives.cpp */; };
		86B160E12B31960E007AF975 /* softmax.cpp in Sources */ = {isa = PBXBuildFile; fileRef = 86B1606D2B31960E007AF975 /* softmax.cpp */; };
		86B160E22B31960E007AF975 /* conv.cpp in Sources */ = {isa = PBXBuildFile; fileRef = 86B1606E2B31960E007AF975 /* conv.cpp */; };
		86B160E32B31960E007AF975 /* reduce.cpp in Sources */ = {isa = PBXBuildFile; fileRef = 86B160702B31960E007AF975 /* reduce.cpp */; };
		86B160E42B31960E007AF975 /* metal.cpp in Sources */ = {isa = PBXBuildFile; fileRef = 86B160712B31960E007AF975 /* metal.cpp */; };
		86B160F92B31960E007AF975 /* scheduler.cpp in Sources */ = {isa = PBXBuildFile; fileRef = 86B160912B31960E007AF975 /* scheduler.cpp */; };
		86B160FA2B31960E007AF975 /* array.cpp in Sources */ = {isa = PBXBuildFile; fileRef = 86B160922B31960E007AF975 /* array.cpp */; };
		86B160FB2B31960E007AF975 /* allocator.cpp in Sources */ = {isa = PBXBuildFile; fileRef = 86B160942B31960E007AF975 /* allocator.cpp */; };
		86B160FC2B31960E007AF975 /* primitives.cpp in Sources */ = {isa = PBXBuildFile; fileRef = 86B160952B31960E007AF975 /* primitives.cpp */; };
		86B160FE2B31960E007AF975 /* load.cpp in Sources */ = {isa = PBXBuildFile; fileRef = 86B1609B2B31960E007AF975 /* load.cpp */; };
		86B160FF2B31960E007AF975 /* graph_utils.cpp in Sources */ = {isa = PBXBuildFile; fileRef = 86B1609E2B31960E007AF975 /* graph_utils.cpp */; };
		86B161002B31960E007AF975 /* dtype.cpp in Sources */ = {isa = PBXBuildFile; fileRef = 86B160A02B31960E007AF975 /* dtype.cpp */; };
		86EEFDAF2B23223C00E452AE /* main.mm in Sources */ = {isa = PBXBuildFile; fileRef = 86EEFC6C2B2321C700E452AE /* main.mm */; };
		86EEFF8E2B2323F300E452AE /* MainMenu.storyboard in Resources */ = {isa = PBXBuildFile; fileRef = 86EEFDB72B2323D200E452AE /* MainMenu.storyboard */; };
		86FAEA162B23356200BFE9AE /* layer.cpp in Sources */ = {isa = PBXBuildFile; fileRef = 86FAEA142B23356200BFE9AE /* layer.cpp */; };
		86FAEA172B23357900BFE9AE /* scene.cpp in Sources */ = {isa = PBXBuildFile; fileRef = 86FAEA102B23356200BFE9AE /* scene.cpp */; };
/* End PBXBuildFile section */

/* Begin PBXFileReference section */
		05318E0E274C397200A8DE2E /* GameController.framework */ = {isa = PBXFileReference; lastKnownFileType = wrapper.framework; name = GameController.framework; path = System/Library/Frameworks/GameController.framework; sourceTree = SDKROOT; };
		8307E7DA20E9F9C900473790 /* aspiration.app */ = {isa = PBXFileReference; explicitFileType = wrapper.application; includeInIndex = 0; path = aspiration.app; sourceTree = BUILT_PRODUCTS_DIR; };
		8309BDC5253CCCFE0045E2A1 /* AppKit.framework */ = {isa = PBXFileReference; lastKnownFileType = wrapper.framework; name = AppKit.framework; path = System/Library/Frameworks/AppKit.framework; sourceTree = SDKROOT; };
		83BBE9EA20EB471700295997 /* MetalKit.framework */ = {isa = PBXFileReference; lastKnownFileType = wrapper.framework; name = MetalKit.framework; path = System/Library/Frameworks/MetalKit.framework; sourceTree = SDKROOT; };
		83BBE9EB20EB471700295997 /* Metal.framework */ = {isa = PBXFileReference; lastKnownFileType = wrapper.framework; name = Metal.framework; path = System/Library/Frameworks/Metal.framework; sourceTree = SDKROOT; };
		83BBE9EE20EB471C00295997 /* ModelIO.framework */ = {isa = PBXFileReference; lastKnownFileType = wrapper.framework; name = ModelIO.framework; path = System/Library/Frameworks/ModelIO.framework; sourceTree = SDKROOT; };
		866F15DF2B24A17B004090AA /* Accelerate.framework */ = {isa = PBXFileReference; lastKnownFileType = wrapper.framework; name = Accelerate.framework; path = System/Library/Frameworks/Accelerate.framework; sourceTree = SDKROOT; };
		866F15E22B25E95A004090AA /* grid.h */ = {isa = PBXFileReference; fileEncoding = 4; lastKnownFileType = sourcecode.c.h; path = grid.h; sourceTree = "<group>"; };
		866F15E32B25E95A004090AA /* dot.h */ = {isa = PBXFileReference; fileEncoding = 4; lastKnownFileType = sourcecode.c.h; path = dot.h; sourceTree = "<group>"; };
		866F15E42B25E95A004090AA /* dot.cpp */ = {isa = PBXFileReference; fileEncoding = 4; lastKnownFileType = sourcecode.cpp.cpp; path = dot.cpp; sourceTree = "<group>"; };
		866F15E52B25E95A004090AA /* grid.cpp */ = {isa = PBXFileReference; fileEncoding = 4; lastKnownFileType = sourcecode.cpp.cpp; path = grid.cpp; sourceTree = "<group>"; };
		866F15E92B25F35F004090AA /* Rocket.cpp */ = {isa = PBXFileReference; lastKnownFileType = sourcecode.cpp.cpp; path = Rocket.cpp; sourceTree = "<group>"; };
		866F15EA2B25F35F004090AA /* Rocket.h */ = {isa = PBXFileReference; lastKnownFileType = sourcecode.c.h; path = Rocket.h; sourceTree = "<group>"; };
		866F15EC2B25F376004090AA /* Environment.cpp */ = {isa = PBXFileReference; lastKnownFileType = sourcecode.cpp.cpp; path = Environment.cpp; sourceTree = "<group>"; };
		866F15ED2B25F376004090AA /* Environment.h */ = {isa = PBXFileReference; lastKnownFileType = sourcecode.c.h; path = Environment.h; sourceTree = "<group>"; };
		86B15FFE2B3195B6007AF975 /* Foundation.framework */ = {isa = PBXFileReference; lastKnownFileType = wrapper.framework; name = Foundation.framework; path = System/Library/Frameworks/Foundation.framework; sourceTree = SDKROOT; };
		86B160012B31960E007AF975 /* libmlx.a */ = {isa = PBXFileReference; lastKnownFileType = archive.ar; path = libmlx.a; sourceTree = "<group>"; };
		86B160032B31960E007AF975 /* imgui.h */ = {isa = PBXFileReference; fileEncoding = 4; lastKnownFileType = sourcecode.c.h; path = imgui.h; sourceTree = "<group>"; };
		86B160042B31960E007AF975 /* imstb_textedit.h */ = {isa = PBXFileReference; fileEncoding = 4; lastKnownFileType = sourcecode.c.h; path = imstb_textedit.h; sourceTree = "<group>"; };
		86B160052B31960E007AF975 /* imconfig.h */ = {isa = PBXFileReference; fileEncoding = 4; lastKnownFileType = sourcecode.c.h; path = imconfig.h; sourceTree = "<group>"; };
		86B160062B31960E007AF975 /* imgui_widgets.cpp */ = {isa = PBXFileReference; fileEncoding = 4; lastKnownFileType = sourcecode.cpp.cpp; path = imgui_widgets.cpp; sourceTree = "<group>"; };
		86B160072B31960E007AF975 /* imstb_truetype.h */ = {isa = PBXFileReference; fileEncoding = 4; lastKnownFileType = sourcecode.c.h; path = imstb_truetype.h; sourceTree = "<group>"; };
		86B160082B31960E007AF975 /* imgui_impl_osx.h */ = {isa = PBXFileReference; fileEncoding = 4; lastKnownFileType = sourcecode.c.h; path = imgui_impl_osx.h; sourceTree = "<group>"; };
		86B160092B31960E007AF975 /* imgui_impl_metal.mm */ = {isa = PBXFileReference; fileEncoding = 4; lastKnownFileType = sourcecode.cpp.objcpp; path = imgui_impl_metal.mm; sourceTree = "<group>"; };
		86B1600A2B31960E007AF975 /* imgui.cpp */ = {isa = PBXFileReference; fileEncoding = 4; lastKnownFileType = sourcecode.cpp.cpp; path = imgui.cpp; sourceTree = "<group>"; };
		86B1600B2B31960E007AF975 /* imgui_internal.h */ = {isa = PBXFileReference; fileEncoding = 4; lastKnownFileType = sourcecode.c.h; path = imgui_internal.h; sourceTree = "<group>"; };
		86B1600C2B31960E007AF975 /* imgui_impl_metal.h */ = {isa = PBXFileReference; fileEncoding = 4; lastKnownFileType = sourcecode.c.h; path = imgui_impl_metal.h; sourceTree = "<group>"; };
		86B1600D2B31960E007AF975 /* imgui_impl_osx.mm */ = {isa = PBXFileReference; fileEncoding = 4; lastKnownFileType = sourcecode.cpp.objcpp; path = imgui_impl_osx.mm; sourceTree = "<group>"; };
		86B1600E2B31960E007AF975 /* imstb_rectpack.h */ = {isa = PBXFileReference; fileEncoding = 4; lastKnownFileType = sourcecode.c.h; path = imstb_rectpack.h; sourceTree = "<group>"; };
		86B1600F2B31960E007AF975 /* LICENSE.txt */ = {isa = PBXFileReference; fileEncoding = 4; lastKnownFileType = text; path = LICENSE.txt; sourceTree = "<group>"; };
		86B160102B31960E007AF975 /* imgui_tables.cpp */ = {isa = PBXFileReference; fileEncoding = 4; lastKnownFileType = sourcecode.cpp.cpp; path = imgui_tables.cpp; sourceTree = "<group>"; };
		86B160112B31960E007AF975 /* imgui_demo.cpp */ = {isa = PBXFileReference; fileEncoding = 4; lastKnownFileType = sourcecode.cpp.cpp; path = imgui_demo.cpp; sourceTree = "<group>"; };
		86B160122B31960E007AF975 /* imgui_draw.cpp */ = {isa = PBXFileReference; fileEncoding = 4; lastKnownFileType = sourcecode.cpp.cpp; path = imgui_draw.cpp; sourceTree = "<group>"; };
		86B160142B31960E007AF975 /* fft.h */ = {isa = PBXFileReference; fileEncoding = 4; lastKnownFileType = sourcecode.c.h; path = fft.h; sourceTree = "<group>"; };
		86B160152B31960E007AF975 /* mlx.h */ = {isa = PBXFileReference; fileEncoding = 4; lastKnownFileType = sourcecode.c.h; path = mlx.h; sourceTree = "<group>"; };
		86B160162B31960E007AF975 /* ops.cpp */ = {isa = PBXFileReference; fileEncoding = 4; lastKnownFileType = sourcecode.cpp.cpp; path = ops.cpp; sourceTree = "<group>"; };
		86B160172B31960E007AF975 /* utils.h */ = {isa = PBXFileReference; fileEncoding = 4; lastKnownFileType = sourcecode.c.h; path = utils.h; sourceTree = "<group>"; };
		86B160182B31960E007AF975 /* utils.cpp */ = {isa = PBXFileReference; fileEncoding = 4; lastKnownFileType = sourcecode.cpp.cpp; path = utils.cpp; sourceTree = "<group>"; };
		86B160192B31960E007AF975 /* transforms.cpp */ = {isa = PBXFileReference; fileEncoding = 4; lastKnownFileType = sourcecode.cpp.cpp; path = transforms.cpp; sourceTree = "<group>"; };
		86B1601B2B31960E007AF975 /* bf16.h */ = {isa = PBXFileReference; fileEncoding = 4; lastKnownFileType = sourcecode.c.h; path = bf16.h; sourceTree = "<group>"; };
		86B1601C2B31960E007AF975 /* half_types.h */ = {isa = PBXFileReference; fileEncoding = 4; lastKnownFileType = sourcecode.c.h; path = half_types.h; sourceTree = "<group>"; };
		86B1601D2B31960E007AF975 /* fp16.h */ = {isa = PBXFileReference; fileEncoding = 4; lastKnownFileType = sourcecode.c.h; path = fp16.h; sourceTree = "<group>"; };
		86B1601E2B31960E007AF975 /* complex.h */ = {isa = PBXFileReference; fileEncoding = 4; lastKnownFileType = sourcecode.c.h; path = complex.h; sourceTree = "<group>"; };
		86B1601F2B31960E007AF975 /* device.h */ = {isa = PBXFileReference; fileEncoding = 4; lastKnownFileType = sourcecode.c.h; path = device.h; sourceTree = "<group>"; };
		86B160202B31960E007AF975 /* CMakeLists.txt */ = {isa = PBXFileReference; fileEncoding = 4; lastKnownFileType = text; path = CMakeLists.txt; sourceTree = "<group>"; };
		86B160212B31960E007AF975 /* transforms_impl.h */ = {isa = PBXFileReference; fileEncoding = 4; lastKnownFileType = sourcecode.c.h; path = transforms_impl.h; sourceTree = "<group>"; };
		86B160222B31960E007AF975 /* load.h */ = {isa = PBXFileReference; fileEncoding = 4; lastKnownFileType = sourcecode.c.h; path = load.h; sourceTree = "<group>"; };
		86B160232B31960E007AF975 /* random.cpp */ = {isa = PBXFileReference; fileEncoding = 4; lastKnownFileType = sourcecode.cpp.cpp; path = random.cpp; sourceTree = "<group>"; };
		86B160242B31960E007AF975 /* fft.cpp */ = {isa = PBXFileReference; fileEncoding = 4; lastKnownFileType = sourcecode.cpp.cpp; path = fft.cpp; sourceTree = "<group>"; };
		86B160252B31960E007AF975 /* scheduler.h */ = {isa = PBXFileReference; fileEncoding = 4; lastKnownFileType = sourcecode.c.h; path = scheduler.h; sourceTree = "<group>"; };
		86B160262B31960E007AF975 /* device.cpp */ = {isa = PBXFileReference; fileEncoding = 4; lastKnownFileType = sourcecode.cpp.cpp; path = device.cpp; sourceTree = "<group>"; };
		86B160272B31960E007AF975 /* stream.h */ = {isa = PBXFileReference; fileEncoding = 4; lastKnownFileType = sourcecode.c.h; path = stream.h; sourceTree = "<group>"; };
		86B160322B31960E007AF975 /* matmul.h */ = {isa = PBXFileReference; fileEncoding = 4; lastKnownFileType = sourcecode.c.h; path = matmul.h; sourceTree = "<group>"; };
		86B160332B31960E007AF975 /* utils.h */ = {isa = PBXFileReference; fileEncoding = 4; lastKnownFileType = sourcecode.c.h; path = utils.h; sourceTree = "<group>"; };
		86B160352B31960E007AF975 /* sort.metal */ = {isa = PBXFileReference; fileEncoding = 4; lastKnownFileType = sourcecode.metal; path = sort.metal; sourceTree = "<group>"; };
		86B160362B31960E007AF975 /* reduce.air */ = {isa = PBXFileReference; lastKnownFileType = compiled.air; path = reduce.air; sourceTree = "<group>"; };
		86B160372B31960E007AF975 /* utils.h */ = {isa = PBXFileReference; fileEncoding = 4; lastKnownFileType = sourcecode.c.h; path = utils.h; sourceTree = "<group>"; };
		86B160382B31960E007AF975 /* bf16.h */ = {isa = PBXFileReference; fileEncoding = 4; lastKnownFileType = sourcecode.c.h; path = bf16.h; sourceTree = "<group>"; };
		86B160392B31960E007AF975 /* unary.metal */ = {isa = PBXFileReference; fileEncoding = 4; lastKnownFileType = sourcecode.metal; path = unary.metal; sourceTree = "<group>"; };
		86B1603A2B31960E007AF975 /* binary.metal */ = {isa = PBXFileReference; fileEncoding = 4; lastKnownFileType = sourcecode.metal; path = binary.metal; sourceTree = "<group>"; };
		86B1603B2B31960E007AF975 /* gemv.air */ = {isa = PBXFileReference; lastKnownFileType = compiled.air; path = gemv.air; sourceTree = "<group>"; };
		86B1603C2B31960E007AF975 /* CMakeLists.txt */ = {isa = PBXFileReference; fileEncoding = 4; lastKnownFileType = text; path = CMakeLists.txt; sourceTree = "<group>"; };
		86B1603D2B31960E007AF975 /* conv_params.h */ = {isa = PBXFileReference; fileEncoding = 4; lastKnownFileType = sourcecode.c.h; path = conv_params.h; sourceTree = "<group>"; };
		86B1603E2B31960E007AF975 /* reduce.metal */ = {isa = PBXFileReference; fileEncoding = 4; lastKnownFileType = sourcecode.metal; path = reduce.metal; sourceTree = "<group>"; };
		86B1603F2B31960E007AF975 /* arg_reduce.air */ = {isa = PBXFileReference; lastKnownFileType = compiled.air; path = arg_reduce.air; sourceTree = "<group>"; };
		86B160402B31960E007AF975 /* arange.air */ = {isa = PBXFileReference; lastKnownFileType = compiled.air; path = arange.air; sourceTree = "<group>"; };
		86B160412B31960E007AF975 /* mlx.metallib */ = {isa = PBXFileReference; lastKnownFileType = "archive.metal-library"; path = mlx.metallib; sourceTree = "<group>"; };
		86B160422B31960E007AF975 /* indexing.metal */ = {isa = PBXFileReference; fileEncoding = 4; lastKnownFileType = sourcecode.metal; path = indexing.metal; sourceTree = "<group>"; };
		86B160432B31960E007AF975 /* arg_reduce.metal */ = {isa = PBXFileReference; fileEncoding = 4; lastKnownFileType = sourcecode.metal; path = arg_reduce.metal; sourceTree = "<group>"; };
		86B160442B31960E007AF975 /* conv.air */ = {isa = PBXFileReference; lastKnownFileType = compiled.air; path = conv.air; sourceTree = "<group>"; };
		86B160452B31960E007AF975 /* copy.metal */ = {isa = PBXFileReference; fileEncoding = 4; lastKnownFileType = sourcecode.metal; path = copy.metal; sourceTree = "<group>"; };
		86B160462B31960E007AF975 /* bf16_math.h */ = {isa = PBXFileReference; fileEncoding = 4; lastKnownFileType = sourcecode.c.h; path = bf16_math.h; sourceTree = "<group>"; };
		86B160472B31960E007AF975 /* scan.metal */ = {isa = PBXFileReference; fileEncoding = 4; lastKnownFileType = sourcecode.metal; path = scan.metal; sourceTree = "<group>"; };
		86B160482B31960E007AF975 /* defines.h */ = {isa = PBXFileReference; fileEncoding = 4; lastKnownFileType = sourcecode.c.h; path = defines.h; sourceTree = "<group>"; };
		86B160492B31960E007AF975 /* softmax.air */ = {isa = PBXFileReference; lastKnownFileType = compiled.air; path = softmax.air; sourceTree = "<group>"; };
		86B1604B2B31960E007AF975 /* gemm.h */ = {isa = PBXFileReference; fileEncoding = 4; lastKnownFileType = sourcecode.c.h; path = gemm.h; sourceTree = "<group>"; };
		86B1604C2B31960E007AF975 /* conv.h */ = {isa = PBXFileReference; fileEncoding = 4; lastKnownFileType = sourcecode.c.h; path = conv.h; sourceTree = "<group>"; };
		86B1604D2B31960E007AF975 /* arange.metal */ = {isa = PBXFileReference; fileEncoding = 4; lastKnownFileType = sourcecode.metal; path = arange.metal; sourceTree = "<group>"; };
		86B1604E2B31960E007AF975 /* conv.metal */ = {isa = PBXFileReference; fileEncoding = 4; lastKnownFileType = sourcecode.metal; path = conv.metal; sourceTree = "<group>"; };
		86B1604F2B31960E007AF975 /* unary.air */ = {isa = PBXFileReference; lastKnownFileType = compiled.air; path = unary.air; sourceTree = "<group>"; };
		86B160502B31960E007AF975 /* random.metal */ = {isa = PBXFileReference; fileEncoding = 4; lastKnownFileType = sourcecode.metal; path = random.metal; sourceTree = "<group>"; };
		86B160512B31960E007AF975 /* indexing.air */ = {isa = PBXFileReference; lastKnownFileType = compiled.air; path = indexing.air; sourceTree = "<group>"; };
		86B160522B31960E007AF975 /* random.air */ = {isa = PBXFileReference; lastKnownFileType = compiled.air; path = random.air; sourceTree = "<group>"; };
		86B160532B31960E007AF975 /* reduce.h */ = {isa = PBXFileReference; fileEncoding = 4; lastKnownFileType = sourcecode.c.h; path = reduce.h; sourceTree = "<group>"; };
		86B160542B31960E007AF975 /* sort.air */ = {isa = PBXFileReference; lastKnownFileType = compiled.air; path = sort.air; sourceTree = "<group>"; };
		86B160552B31960E007AF975 /* erf.h */ = {isa = PBXFileReference; fileEncoding = 4; lastKnownFileType = sourcecode.c.h; path = erf.h; sourceTree = "<group>"; };
		86B160562B31960E007AF975 /* gemv.metal */ = {isa = PBXFileReference; fileEncoding = 4; lastKnownFileType = sourcecode.metal; path = gemv.metal; sourceTree = "<group>"; };
		86B160572B31960E007AF975 /* binary.air */ = {isa = PBXFileReference; lastKnownFileType = compiled.air; path = binary.air; sourceTree = "<group>"; };
		86B160582B31960E007AF975 /* gemm.metal */ = {isa = PBXFileReference; fileEncoding = 4; lastKnownFileType = sourcecode.metal; path = gemm.metal; sourceTree = "<group>"; };
		86B160592B31960E007AF975 /* gemm.air */ = {isa = PBXFileReference; lastKnownFileType = compiled.air; path = gemm.air; sourceTree = "<group>"; };
		86B1605A2B31960E007AF975 /* softmax.metal */ = {isa = PBXFileReference; fileEncoding = 4; lastKnownFileType = sourcecode.metal; path = softmax.metal; sourceTree = "<group>"; };
		86B1605B2B31960E007AF975 /* copy.air */ = {isa = PBXFileReference; lastKnownFileType = compiled.air; path = copy.air; sourceTree = "<group>"; };
		86B1605C2B31960E007AF975 /* complex.h */ = {isa = PBXFileReference; fileEncoding = 4; lastKnownFileType = sourcecode.c.h; path = complex.h; sourceTree = "<group>"; };
		86B1605D2B31960E007AF975 /* scan.air */ = {isa = PBXFileReference; lastKnownFileType = compiled.air; path = scan.air; sourceTree = "<group>"; };
		86B1605E2B31960E007AF975 /* atomic.h */ = {isa = PBXFileReference; fileEncoding = 4; lastKnownFileType = sourcecode.c.h; path = atomic.h; sourceTree = "<group>"; };
		86B1605F2B31960E007AF975 /* device.h */ = {isa = PBXFileReference; fileEncoding = 4; lastKnownFileType = sourcecode.c.h; path = device.h; sourceTree = "<group>"; };
		86B160602B31960E007AF975 /* CMakeLists.txt */ = {isa = PBXFileReference; fileEncoding = 4; lastKnownFileType = text; path = CMakeLists.txt; sourceTree = "<group>"; };
		86B160612B31960E007AF975 /* copy.cpp */ = {isa = PBXFileReference; fileEncoding = 4; lastKnownFileType = sourcecode.cpp.cpp; path = copy.cpp; sourceTree = "<group>"; };
		86B160622B31960E007AF975 /* scan.cpp */ = {isa = PBXFileReference; fileEncoding = 4; lastKnownFileType = sourcecode.cpp.cpp; path = scan.cpp; sourceTree = "<group>"; };
		86B160642B31960E007AF975 /* gemm.h */ = {isa = PBXFileReference; fileEncoding = 4; lastKnownFileType = sourcecode.c.h; path = gemm.h; sourceTree = "<group>"; };
		86B160652B31960E007AF975 /* matmul.cpp */ = {isa = PBXFileReference; fileEncoding = 4; lastKnownFileType = sourcecode.cpp.cpp; path = matmul.cpp; sourceTree = "<group>"; };
		86B160662B31960E007AF975 /* indexing.cpp */ = {isa = PBXFileReference; fileEncoding = 4; lastKnownFileType = sourcecode.cpp.cpp; path = indexing.cpp; sourceTree = "<group>"; };
		86B160672B31960E007AF975 /* fft.cpp */ = {isa = PBXFileReference; fileEncoding = 4; lastKnownFileType = sourcecode.cpp.cpp; path = fft.cpp; sourceTree = "<group>"; };
		86B160682B31960E007AF975 /* device.cpp */ = {isa = PBXFileReference; fileEncoding = 4; lastKnownFileType = sourcecode.cpp.cpp; path = device.cpp; sourceTree = "<group>"; };
		86B160692B31960E007AF975 /* sort.cpp */ = {isa = PBXFileReference; fileEncoding = 4; lastKnownFileType = sourcecode.cpp.cpp; path = sort.cpp; sourceTree = "<group>"; };
		86B1606A2B31960E007AF975 /* allocator.h */ = {isa = PBXFileReference; fileEncoding = 4; lastKnownFileType = sourcecode.c.h; path = allocator.h; sourceTree = "<group>"; };
		86B1606B2B31960E007AF975 /* allocator.cpp */ = {isa = PBXFileReference; fileEncoding = 4; lastKnownFileType = sourcecode.cpp.cpp; path = allocator.cpp; sourceTree = "<group>"; };
		86B1606C2B31960E007AF975 /* primitives.cpp */ = {isa = PBXFileReference; fileEncoding = 4; lastKnownFileType = sourcecode.cpp.cpp; path = primitives.cpp; sourceTree = "<group>"; };
		86B1606D2B31960E007AF975 /* softmax.cpp */ = {isa = PBXFileReference; fileEncoding = 4; lastKnownFileType = sourcecode.cpp.cpp; path = softmax.cpp; sourceTree = "<group>"; };
		86B1606E2B31960E007AF975 /* conv.cpp */ = {isa = PBXFileReference; fileEncoding = 4; lastKnownFileType = sourcecode.cpp.cpp; path = conv.cpp; sourceTree = "<group>"; };
		86B1606F2B31960E007AF975 /* metal.h */ = {isa = PBXFileReference; fileEncoding = 4; lastKnownFileType = sourcecode.c.h; path = metal.h; sourceTree = "<group>"; };
		86B160702B31960E007AF975 /* reduce.cpp */ = {isa = PBXFileReference; fileEncoding = 4; lastKnownFileType = sourcecode.cpp.cpp; path = reduce.cpp; sourceTree = "<group>"; };
		86B160712B31960E007AF975 /* metal.cpp */ = {isa = PBXFileReference; fileEncoding = 4; lastKnownFileType = sourcecode.cpp.cpp; path = metal.cpp; sourceTree = "<group>"; };
		86B160722B31960E007AF975 /* copy.h */ = {isa = PBXFileReference; fileEncoding = 4; lastKnownFileType = sourcecode.c.h; path = copy.h; sourceTree = "<group>"; };
		86B160912B31960E007AF975 /* scheduler.cpp */ = {isa = PBXFileReference; fileEncoding = 4; lastKnownFileType = sourcecode.cpp.cpp; path = scheduler.cpp; sourceTree = "<group>"; };
		86B160922B31960E007AF975 /* array.cpp */ = {isa = PBXFileReference; fileEncoding = 4; lastKnownFileType = sourcecode.cpp.cpp; path = array.cpp; sourceTree = "<group>"; };
		86B160932B31960E007AF975 /* allocator.h */ = {isa = PBXFileReference; fileEncoding = 4; lastKnownFileType = sourcecode.c.h; path = allocator.h; sourceTree = "<group>"; };
		86B160942B31960E007AF975 /* allocator.cpp */ = {isa = PBXFileReference; fileEncoding = 4; lastKnownFileType = sourcecode.cpp.cpp; path = allocator.cpp; sourceTree = "<group>"; };
		86B160952B31960E007AF975 /* primitives.cpp */ = {isa = PBXFileReference; fileEncoding = 4; lastKnownFileType = sourcecode.cpp.cpp; path = primitives.cpp; sourceTree = "<group>"; };
		86B160962B31960E007AF975 /* array.h */ = {isa = PBXFileReference; fileEncoding = 4; lastKnownFileType = sourcecode.c.h; path = array.h; sourceTree = "<group>"; };
		86B160972B31960E007AF975 /* ops.h */ = {isa = PBXFileReference; fileEncoding = 4; lastKnownFileType = sourcecode.c.h; path = ops.h; sourceTree = "<group>"; };
		86B160992B31960E007AF975 /* pocketfft.h */ = {isa = PBXFileReference; fileEncoding = 4; lastKnownFileType = sourcecode.c.h; path = pocketfft.h; sourceTree = "<group>"; };
		86B1609A2B31960E007AF975 /* .clang-format */ = {isa = PBXFileReference; fileEncoding = 4; lastKnownFileType = text; path = ".clang-format"; sourceTree = "<group>"; };
		86B1609B2B31960E007AF975 /* load.cpp */ = {isa = PBXFileReference; fileEncoding = 4; lastKnownFileType = sourcecode.cpp.cpp; path = load.cpp; sourceTree = "<group>"; };
		86B1609C2B31960E007AF975 /* dtype.h */ = {isa = PBXFileReference; fileEncoding = 4; lastKnownFileType = sourcecode.c.h; path = dtype.h; sourceTree = "<group>"; };
		86B1609D2B31960E007AF975 /* primitives.h */ = {isa = PBXFileReference; fileEncoding = 4; lastKnownFileType = sourcecode.c.h; path = primitives.h; sourceTree = "<group>"; };
		86B1609E2B31960E007AF975 /* graph_utils.cpp */ = {isa = PBXFileReference; fileEncoding = 4; lastKnownFileType = sourcecode.cpp.cpp; path = graph_utils.cpp; sourceTree = "<group>"; };
		86B1609F2B31960E007AF975 /* transforms.h */ = {isa = PBXFileReference; fileEncoding = 4; lastKnownFileType = sourcecode.c.h; path = transforms.h; sourceTree = "<group>"; };
		86B160A02B31960E007AF975 /* dtype.cpp */ = {isa = PBXFileReference; fileEncoding = 4; lastKnownFileType = sourcecode.cpp.cpp; path = dtype.cpp; sourceTree = "<group>"; };
		86B160A12B31960E007AF975 /* graph_utils.h */ = {isa = PBXFileReference; fileEncoding = 4; lastKnownFileType = sourcecode.c.h; path = graph_utils.h; sourceTree = "<group>"; };
		86B160A22B31960E007AF975 /* random.h */ = {isa = PBXFileReference; fileEncoding = 4; lastKnownFileType = sourcecode.c.h; path = random.h; sourceTree = "<group>"; };
		86EEFC6C2B2321C700E452AE /* main.mm */ = {isa = PBXFileReference; lastKnownFileType = sourcecode.cpp.objcpp; path = main.mm; sourceTree = "<group>"; };
		86EEFDB72B2323D200E452AE /* MainMenu.storyboard */ = {isa = PBXFileReference; fileEncoding = 4; lastKnownFileType = file.storyboard; path = MainMenu.storyboard; sourceTree = "<group>"; };
		86EEFDB82B2323D200E452AE /* Info-macOS.plist */ = {isa = PBXFileReference; fileEncoding = 4; lastKnownFileType = text.plist.xml; path = "Info-macOS.plist"; sourceTree = "<group>"; };
		86FAEA102B23356200BFE9AE /* scene.cpp */ = {isa = PBXFileReference; fileEncoding = 4; lastKnownFileType = sourcecode.cpp.cpp; path = scene.cpp; sourceTree = "<group>"; };
		86FAEA112B23356200BFE9AE /* scene.h */ = {isa = PBXFileReference; fileEncoding = 4; lastKnownFileType = sourcecode.c.h; path = scene.h; sourceTree = "<group>"; };
		86FAEA132B23356200BFE9AE /* layer.h */ = {isa = PBXFileReference; fileEncoding = 4; lastKnownFileType = sourcecode.c.h; path = layer.h; sourceTree = "<group>"; };
		86FAEA142B23356200BFE9AE /* layer.cpp */ = {isa = PBXFileReference; fileEncoding = 4; lastKnownFileType = sourcecode.cpp.cpp; path = layer.cpp; sourceTree = "<group>"; };
/* End PBXFileReference section */

/* Begin PBXFrameworksBuildPhase section */
		8307E7D720E9F9C900473790 /* Frameworks */ = {
			isa = PBXFrameworksBuildPhase;
			buildActionMask = 2147483647;
			files = (
				86B15FFF2B3195B6007AF975 /* Foundation.framework in Frameworks */,
				86B160A32B31960E007AF975 /* libmlx.a in Frameworks */,
				866F15E02B24A17B004090AA /* Accelerate.framework in Frameworks */,
				8309BDC6253CCCFE0045E2A1 /* AppKit.framework in Frameworks */,
				83BBE9EC20EB471700295997 /* MetalKit.framework in Frameworks */,
				05318E0F274C397200A8DE2E /* GameController.framework in Frameworks */,
				83BBE9ED20EB471700295997 /* Metal.framework in Frameworks */,
			);
			runOnlyForDeploymentPostprocessing = 0;
		};
/* End PBXFrameworksBuildPhase section */

/* Begin PBXGroup section */
		8307E7B520E9F9C700473790 = {
			isa = PBXGroup;
			children = (
				86B160002B31960E007AF975 /* libs */,
				86EEFC5A2B2321C700E452AE /* source */,
				8307E7C520E9F9C900473790 /* Products */,
				83BBE9E320EB46B800295997 /* Frameworks */,
			);
			sourceTree = "<group>";
		};
		8307E7C520E9F9C900473790 /* Products */ = {
			isa = PBXGroup;
			children = (
				8307E7DA20E9F9C900473790 /* aspiration.app */,
			);
			name = Products;
			sourceTree = "<group>";
		};
		83BBE9E320EB46B800295997 /* Frameworks */ = {
			isa = PBXGroup;
			children = (
				86B15FFE2B3195B6007AF975 /* Foundation.framework */,
				866F15DF2B24A17B004090AA /* Accelerate.framework */,
				05318E0E274C397200A8DE2E /* GameController.framework */,
				8309BDC5253CCCFE0045E2A1 /* AppKit.framework */,
				83BBE9EE20EB471C00295997 /* ModelIO.framework */,
				83BBE9EB20EB471700295997 /* Metal.framework */,
				83BBE9EA20EB471700295997 /* MetalKit.framework */,
			);
			name = Frameworks;
			sourceTree = "<group>";
		};
		866F15E12B25E911004090AA /* DotPathFinder */ = {
			isa = PBXGroup;
			children = (
				866F15E42B25E95A004090AA /* dot.cpp */,
				866F15E32B25E95A004090AA /* dot.h */,
				866F15E52B25E95A004090AA /* grid.cpp */,
				866F15E22B25E95A004090AA /* grid.h */,
			);
			path = DotPathFinder;
			sourceTree = "<group>";
		};
		866F15E82B25F33D004090AA /* Rockets */ = {
			isa = PBXGroup;
			children = (
				866F15E92B25F35F004090AA /* Rocket.cpp */,
				866F15EA2B25F35F004090AA /* Rocket.h */,
				866F15EC2B25F376004090AA /* Environment.cpp */,
				866F15ED2B25F376004090AA /* Environment.h */,
			);
			path = Rockets;
			sourceTree = "<group>";
		};
		86B160002B31960E007AF975 /* libs */ = {
			isa = PBXGroup;
			children = (
				86B160012B31960E007AF975 /* libmlx.a */,
				86B160022B31960E007AF975 /* imgui */,
				86B160132B31960E007AF975 /* mlx */,
			);
			path = libs;
			sourceTree = "<group>";
		};
		86B160022B31960E007AF975 /* imgui */ = {
			isa = PBXGroup;
			children = (
				86B160032B31960E007AF975 /* imgui.h */,
				86B160042B31960E007AF975 /* imstb_textedit.h */,
				86B160052B31960E007AF975 /* imconfig.h */,
				86B160062B31960E007AF975 /* imgui_widgets.cpp */,
				86B160072B31960E007AF975 /* imstb_truetype.h */,
				86B160082B31960E007AF975 /* imgui_impl_osx.h */,
				86B160092B31960E007AF975 /* imgui_impl_metal.mm */,
				86B1600A2B31960E007AF975 /* imgui.cpp */,
				86B1600B2B31960E007AF975 /* imgui_internal.h */,
				86B1600C2B31960E007AF975 /* imgui_impl_metal.h */,
				86B1600D2B31960E007AF975 /* imgui_impl_osx.mm */,
				86B1600E2B31960E007AF975 /* imstb_rectpack.h */,
				86B1600F2B31960E007AF975 /* LICENSE.txt */,
				86B160102B31960E007AF975 /* imgui_tables.cpp */,
				86B160112B31960E007AF975 /* imgui_demo.cpp */,
				86B160122B31960E007AF975 /* imgui_draw.cpp */,
			);
			path = imgui;
			sourceTree = "<group>";
		};
		86B160132B31960E007AF975 /* mlx */ = {
			isa = PBXGroup;
			children = (
				86B160142B31960E007AF975 /* fft.h */,
				86B160152B31960E007AF975 /* mlx.h */,
				86B160162B31960E007AF975 /* ops.cpp */,
				86B160172B31960E007AF975 /* utils.h */,
				86B160182B31960E007AF975 /* utils.cpp */,
				86B160192B31960E007AF975 /* transforms.cpp */,
				86B1601A2B31960E007AF975 /* types */,
				86B1601F2B31960E007AF975 /* device.h */,
				86B160202B31960E007AF975 /* CMakeLists.txt */,
				86B160212B31960E007AF975 /* transforms_impl.h */,
				86B160222B31960E007AF975 /* load.h */,
				86B160232B31960E007AF975 /* random.cpp */,
				86B160242B31960E007AF975 /* fft.cpp */,
				86B160252B31960E007AF975 /* scheduler.h */,
				86B160262B31960E007AF975 /* device.cpp */,
				86B160272B31960E007AF975 /* stream.h */,
				86B160282B31960E007AF975 /* backend */,
				86B160912B31960E007AF975 /* scheduler.cpp */,
				86B160922B31960E007AF975 /* array.cpp */,
				86B160932B31960E007AF975 /* allocator.h */,
				86B160942B31960E007AF975 /* allocator.cpp */,
				86B160952B31960E007AF975 /* primitives.cpp */,
				86B160962B31960E007AF975 /* array.h */,
				86B160972B31960E007AF975 /* ops.h */,
				86B160982B31960E007AF975 /* 3rdparty */,
				86B1609B2B31960E007AF975 /* load.cpp */,
				86B1609C2B31960E007AF975 /* dtype.h */,
				86B1609D2B31960E007AF975 /* primitives.h */,
				86B1609E2B31960E007AF975 /* graph_utils.cpp */,
				86B1609F2B31960E007AF975 /* transforms.h */,
				86B160A02B31960E007AF975 /* dtype.cpp */,
				86B160A12B31960E007AF975 /* graph_utils.h */,
				86B160A22B31960E007AF975 /* random.h */,
			);
			path = mlx;
			sourceTree = "<group>";
		};
		86B1601A2B31960E007AF975 /* types */ = {
			isa = PBXGroup;
			children = (
				86B1601B2B31960E007AF975 /* bf16.h */,
				86B1601C2B31960E007AF975 /* half_types.h */,
				86B1601D2B31960E007AF975 /* fp16.h */,
				86B1601E2B31960E007AF975 /* complex.h */,
			);
			path = types;
			sourceTree = "<group>";
		};
		86B160282B31960E007AF975 /* backend */ = {
			isa = PBXGroup;
			children = (
				86B160312B31960E007AF975 /* metal */,
			);
			path = backend;
			sourceTree = "<group>";
		};
		86B160312B31960E007AF975 /* metal */ = {
			isa = PBXGroup;
			children = (
				86B160322B31960E007AF975 /* matmul.h */,
				86B160332B31960E007AF975 /* utils.h */,
				86B160342B31960E007AF975 /* kernels */,
				86B1605F2B31960E007AF975 /* device.h */,
				86B160602B31960E007AF975 /* CMakeLists.txt */,
				86B160612B31960E007AF975 /* copy.cpp */,
				86B160622B31960E007AF975 /* scan.cpp */,
				86B160632B31960E007AF975 /* mps */,
				86B160652B31960E007AF975 /* matmul.cpp */,
				86B160662B31960E007AF975 /* indexing.cpp */,
				86B160672B31960E007AF975 /* fft.cpp */,
				86B160682B31960E007AF975 /* device.cpp */,
				86B160692B31960E007AF975 /* sort.cpp */,
				86B1606A2B31960E007AF975 /* allocator.h */,
				86B1606B2B31960E007AF975 /* allocator.cpp */,
				86B1606C2B31960E007AF975 /* primitives.cpp */,
				86B1606D2B31960E007AF975 /* softmax.cpp */,
				86B1606E2B31960E007AF975 /* conv.cpp */,
				86B1606F2B31960E007AF975 /* metal.h */,
				86B160702B31960E007AF975 /* reduce.cpp */,
				86B160712B31960E007AF975 /* metal.cpp */,
				86B160722B31960E007AF975 /* copy.h */,
			);
			path = metal;
			sourceTree = "<group>";
		};
		86B160342B31960E007AF975 /* kernels */ = {
			isa = PBXGroup;
			children = (
				86B160352B31960E007AF975 /* sort.metal */,
				86B160362B31960E007AF975 /* reduce.air */,
				86B160372B31960E007AF975 /* utils.h */,
				86B160382B31960E007AF975 /* bf16.h */,
				86B160392B31960E007AF975 /* unary.metal */,
				86B1603A2B31960E007AF975 /* binary.metal */,
				86B1603B2B31960E007AF975 /* gemv.air */,
				86B1603C2B31960E007AF975 /* CMakeLists.txt */,
				86B1603D2B31960E007AF975 /* conv_params.h */,
				86B1603E2B31960E007AF975 /* reduce.metal */,
				86B1603F2B31960E007AF975 /* arg_reduce.air */,
				86B160402B31960E007AF975 /* arange.air */,
				86B160412B31960E007AF975 /* mlx.metallib */,
				86B160422B31960E007AF975 /* indexing.metal */,
				86B160432B31960E007AF975 /* arg_reduce.metal */,
				86B160442B31960E007AF975 /* conv.air */,
				86B160452B31960E007AF975 /* copy.metal */,
				86B160462B31960E007AF975 /* bf16_math.h */,
				86B160472B31960E007AF975 /* scan.metal */,
				86B160482B31960E007AF975 /* defines.h */,
				86B160492B31960E007AF975 /* softmax.air */,
				86B1604A2B31960E007AF975 /* gemm */,
				86B1604D2B31960E007AF975 /* arange.metal */,
				86B1604E2B31960E007AF975 /* conv.metal */,
				86B1604F2B31960E007AF975 /* unary.air */,
				86B160502B31960E007AF975 /* random.metal */,
				86B160512B31960E007AF975 /* indexing.air */,
				86B160522B31960E007AF975 /* random.air */,
				86B160532B31960E007AF975 /* reduce.h */,
				86B160542B31960E007AF975 /* sort.air */,
				86B160552B31960E007AF975 /* erf.h */,
				86B160562B31960E007AF975 /* gemv.metal */,
				86B160572B31960E007AF975 /* binary.air */,
				86B160582B31960E007AF975 /* gemm.metal */,
				86B160592B31960E007AF975 /* gemm.air */,
				86B1605A2B31960E007AF975 /* softmax.metal */,
				86B1605B2B31960E007AF975 /* copy.air */,
				86B1605C2B31960E007AF975 /* complex.h */,
				86B1605D2B31960E007AF975 /* scan.air */,
				86B1605E2B31960E007AF975 /* atomic.h */,
			);
			path = kernels;
			sourceTree = "<group>";
		};
		86B1604A2B31960E007AF975 /* gemm */ = {
			isa = PBXGroup;
			children = (
				86B1604B2B31960E007AF975 /* gemm.h */,
				86B1604C2B31960E007AF975 /* conv.h */,
			);
			path = gemm;
			sourceTree = "<group>";
		};
		86B160632B31960E007AF975 /* mps */ = {
			isa = PBXGroup;
			children = (
				86B160642B31960E007AF975 /* gemm.h */,
			);
			path = mps;
			sourceTree = "<group>";
		};
		86B160982B31960E007AF975 /* 3rdparty */ = {
			isa = PBXGroup;
			children = (
				86B160992B31960E007AF975 /* pocketfft.h */,
				86B1609A2B31960E007AF975 /* .clang-format */,
			);
			path = 3rdparty;
			sourceTree = "<group>";
		};
		86EEFC5A2B2321C700E452AE /* source */ = {
			isa = PBXGroup;
			children = (
				866F15E82B25F33D004090AA /* Rockets */,
				866F15E12B25E911004090AA /* DotPathFinder */,
				86FAEA122B23356200BFE9AE /* nn */,
				86FAEA0F2B23356200BFE9AE /* ui */,
				86EEFDB82B2323D200E452AE /* Info-macOS.plist */,
				86EEFDB72B2323D200E452AE /* MainMenu.storyboard */,
				86EEFC6C2B2321C700E452AE /* main.mm */,
			);
			path = source;
			sourceTree = "<group>";
		};
		86FAEA0F2B23356200BFE9AE /* ui */ = {
			isa = PBXGroup;
			children = (
				86FAEA102B23356200BFE9AE /* scene.cpp */,
				86FAEA112B23356200BFE9AE /* scene.h */,
			);
			path = ui;
			sourceTree = "<group>";
		};
		86FAEA122B23356200BFE9AE /* nn */ = {
			isa = PBXGroup;
			children = (
				86FAEA132B23356200BFE9AE /* layer.h */,
				86FAEA142B23356200BFE9AE /* layer.cpp */,
			);
			path = nn;
			sourceTree = "<group>";
		};
/* End PBXGroup section */

/* Begin PBXNativeTarget section */
		8307E7D920E9F9C900473790 /* application */ = {
			isa = PBXNativeTarget;
			buildConfigurationList = 8307E7F320E9F9C900473790 /* Build configuration list for PBXNativeTarget "application" */;
			buildPhases = (
				8307E7D620E9F9C900473790 /* Sources */,
				8307E7D720E9F9C900473790 /* Frameworks */,
				8307E7D820E9F9C900473790 /* Resources */,
			);
			buildRules = (
			);
			dependencies = (
			);
			name = application;
			productName = "imguiex macOS";
			productReference = 8307E7DA20E9F9C900473790 /* aspiration.app */;
			productType = "com.apple.product-type.application";
		};
/* End PBXNativeTarget section */

/* Begin PBXProject section */
		8307E7B620E9F9C700473790 /* Project object */ = {
			isa = PBXProject;
			attributes = {
				LastUpgradeCheck = 1200;
				ORGANIZATIONNAME = "Warren Moore";
				TargetAttributes = {
					8307E7D920E9F9C900473790 = {
						CreatedOnToolsVersion = 9.4.1;
						ProvisioningStyle = Automatic;
					};
				};
			};
			buildConfigurationList = 8307E7B920E9F9C700473790 /* Build configuration list for PBXProject "aspiration" */;
			compatibilityVersion = "Xcode 8.0";
			developmentRegion = en;
			hasScannedForEncodings = 0;
			knownRegions = (
				en,
				Base,
			);
			mainGroup = 8307E7B520E9F9C700473790;
			productRefGroup = 8307E7C520E9F9C900473790 /* Products */;
			projectDirPath = "";
			projectRoot = "";
			targets = (
				8307E7D920E9F9C900473790 /* application */,
			);
		};
/* End PBXProject section */

/* Begin PBXResourcesBuildPhase section */
		8307E7D820E9F9C900473790 /* Resources */ = {
			isa = PBXResourcesBuildPhase;
			buildActionMask = 2147483647;
			files = (
				86B160C22B31960E007AF975 /* mlx.metallib in Resources */,
				86EEFF8E2B2323F300E452AE /* MainMenu.storyboard in Resources */,
			);
			runOnlyForDeploymentPostprocessing = 0;
		};
/* End PBXResourcesBuildPhase section */

/* Begin PBXSourcesBuildPhase section */
		8307E7D620E9F9C900473790 /* Sources */ = {
			isa = PBXSourcesBuildPhase;
			buildActionMask = 2147483647;
			files = (
				86FAEA162B23356200BFE9AE /* layer.cpp in Sources */,
				86B160B12B31960E007AF975 /* fft.cpp in Sources */,
				86B160AB2B31960E007AF975 /* imgui_draw.cpp in Sources */,
				86B160DA2B31960E007AF975 /* matmul.cpp in Sources */,
				86B160A72B31960E007AF975 /* imgui_impl_osx.mm in Sources */,
				866F15E72B25E95A004090AA /* grid.cpp in Sources */,
				86B160E02B31960E007AF975 /* primitives.cpp in Sources */,
				86B160DD2B31960E007AF975 /* device.cpp in Sources */,
				86B160FB2B31960E007AF975 /* allocator.cpp in Sources */,
				86B160AA2B31960E007AF975 /* imgui_demo.cpp in Sources */,
				86B160FF2B31960E007AF975 /* graph_utils.cpp in Sources */,
				86B160E42B31960E007AF975 /* metal.cpp in Sources */,
				86B160DB2B31960E007AF975 /* indexing.cpp in Sources */,
				86EEFDAF2B23223C00E452AE /* main.mm in Sources */,
				86B160DF2B31960E007AF975 /* allocator.cpp in Sources */,
				86B160DE2B31960E007AF975 /* sort.cpp in Sources */,
				86B160B22B31960E007AF975 /* device.cpp in Sources */,
				86B160E12B31960E007AF975 /* softmax.cpp in Sources */,
				86B160A42B31960E007AF975 /* imgui_widgets.cpp in Sources */,
				86B160E32B31960E007AF975 /* reduce.cpp in Sources */,
				86B160FC2B31960E007AF975 /* primitives.cpp in Sources */,
				86B160FE2B31960E007AF975 /* load.cpp in Sources */,
				86B160A52B31960E007AF975 /* imgui_impl_metal.mm in Sources */,
				866F15E62B25E95A004090AA /* dot.cpp in Sources */,
				866F15EB2B25F35F004090AA /* Rocket.cpp in Sources */,
				86B160D92B31960E007AF975 /* scan.cpp in Sources */,
				86FAEA172B23357900BFE9AE /* scene.cpp in Sources */,
				86B160E22B31960E007AF975 /* conv.cpp in Sources */,
				86B160FA2B31960E007AF975 /* array.cpp in Sources */,
				86B160DC2B31960E007AF975 /* fft.cpp in Sources */,
				86B160AE2B31960E007AF975 /* transforms.cpp in Sources */,
				86B160AD2B31960E007AF975 /* utils.cpp in Sources */,
				86B160D82B31960E007AF975 /* copy.cpp in Sources */,
				86B160F92B31960E007AF975 /* scheduler.cpp in Sources */,
				866F15EE2B25F376004090AA /* Environment.cpp in Sources */,
				86B160B02B31960E007AF975 /* random.cpp in Sources */,
				86B160AC2B31960E007AF975 /* ops.cpp in Sources */,
				86B161002B31960E007AF975 /* dtype.cpp in Sources */,
				86B160A92B31960E007AF975 /* imgui_tables.cpp in Sources */,
				86B160A62B31960E007AF975 /* imgui.cpp in Sources */,
			);
			runOnlyForDeploymentPostprocessing = 0;
		};
/* End PBXSourcesBuildPhase section */

/* Begin XCBuildConfiguration section */
		8307E7EE20E9F9C900473790 /* Debug */ = {
			isa = XCBuildConfiguration;
			buildSettings = {
				ALWAYS_SEARCH_USER_PATHS = NO;
				CLANG_ANALYZER_NONNULL = YES;
				CLANG_ANALYZER_NUMBER_OBJECT_CONVERSION = YES_AGGRESSIVE;
				CLANG_CXX_LANGUAGE_STANDARD = "gnu++17";
				CLANG_CXX_LIBRARY = "libc++";
				CLANG_ENABLE_MODULES = YES;
				CLANG_ENABLE_OBJC_ARC = YES;
				CLANG_ENABLE_OBJC_WEAK = YES;
				CLANG_WARN_BLOCK_CAPTURE_AUTORELEASING = YES;
				CLANG_WARN_BOOL_CONVERSION = YES;
				CLANG_WARN_COMMA = YES;
				CLANG_WARN_CONSTANT_CONVERSION = YES;
				CLANG_WARN_DEPRECATED_OBJC_IMPLEMENTATIONS = YES;
				CLANG_WARN_DIRECT_OBJC_ISA_USAGE = YES_ERROR;
				CLANG_WARN_DOCUMENTATION_COMMENTS = YES;
				CLANG_WARN_EMPTY_BODY = YES;
				CLANG_WARN_ENUM_CONVERSION = YES;
				CLANG_WARN_INFINITE_RECURSION = YES;
				CLANG_WARN_INT_CONVERSION = YES;
				CLANG_WARN_NON_LITERAL_NULL_CONVERSION = YES;
				CLANG_WARN_OBJC_IMPLICIT_RETAIN_SELF = YES;
				CLANG_WARN_OBJC_LITERAL_CONVERSION = YES;
				CLANG_WARN_OBJC_ROOT_CLASS = YES_ERROR;
				CLANG_WARN_QUOTED_INCLUDE_IN_FRAMEWORK_HEADER = YES;
				CLANG_WARN_RANGE_LOOP_ANALYSIS = YES;
				CLANG_WARN_STRICT_PROTOTYPES = YES;
				CLANG_WARN_SUSPICIOUS_MOVE = YES;
				CLANG_WARN_UNGUARDED_AVAILABILITY = YES_AGGRESSIVE;
				CLANG_WARN_UNREACHABLE_CODE = YES;
				CLANG_WARN__DUPLICATE_METHOD_MATCH = YES;
				COPY_PHASE_STRIP = NO;
				DEBUG_INFORMATION_FORMAT = dwarf;
				ENABLE_STRICT_OBJC_MSGSEND = YES;
				ENABLE_TESTABILITY = YES;
				GCC_C_LANGUAGE_STANDARD = gnu11;
				GCC_DYNAMIC_NO_PIC = NO;
				GCC_NO_COMMON_BLOCKS = YES;
				GCC_OPTIMIZATION_LEVEL = 0;
				GCC_PREPROCESSOR_DEFINITIONS = (
					"DEBUG=1",
					"$(inherited)",
				);
				GCC_WARN_64_TO_32_BIT_CONVERSION = YES;
				GCC_WARN_ABOUT_RETURN_TYPE = YES_ERROR;
				GCC_WARN_UNDECLARED_SELECTOR = YES;
				GCC_WARN_UNINITIALIZED_AUTOS = YES_AGGRESSIVE;
				GCC_WARN_UNUSED_FUNCTION = YES;
				GCC_WARN_UNUSED_VARIABLE = YES;
				HEADER_SEARCH_PATHS = "";
				MTL_ENABLE_DEBUG_INFO = YES;
				MTL_HEADER_SEARCH_PATHS = "$(PROJECT_DIR)/source/**";
				ONLY_ACTIVE_ARCH = YES;
				USER_HEADER_SEARCH_PATHS = "";
			};
			name = Debug;
		};
		8307E7EF20E9F9C900473790 /* Release */ = {
			isa = XCBuildConfiguration;
			buildSettings = {
				ALWAYS_SEARCH_USER_PATHS = NO;
				CLANG_ANALYZER_NONNULL = YES;
				CLANG_ANALYZER_NUMBER_OBJECT_CONVERSION = YES_AGGRESSIVE;
				CLANG_CXX_LANGUAGE_STANDARD = "gnu++17";
				CLANG_CXX_LIBRARY = "libc++";
				CLANG_ENABLE_MODULES = YES;
				CLANG_ENABLE_OBJC_ARC = YES;
				CLANG_ENABLE_OBJC_WEAK = YES;
				CLANG_WARN_BLOCK_CAPTURE_AUTORELEASING = YES;
				CLANG_WARN_BOOL_CONVERSION = YES;
				CLANG_WARN_COMMA = YES;
				CLANG_WARN_CONSTANT_CONVERSION = YES;
				CLANG_WARN_DEPRECATED_OBJC_IMPLEMENTATIONS = YES;
				CLANG_WARN_DIRECT_OBJC_ISA_USAGE = YES_ERROR;
				CLANG_WARN_DOCUMENTATION_COMMENTS = YES;
				CLANG_WARN_EMPTY_BODY = YES;
				CLANG_WARN_ENUM_CONVERSION = YES;
				CLANG_WARN_INFINITE_RECURSION = YES;
				CLANG_WARN_INT_CONVERSION = YES;
				CLANG_WARN_NON_LITERAL_NULL_CONVERSION = YES;
				CLANG_WARN_OBJC_IMPLICIT_RETAIN_SELF = YES;
				CLANG_WARN_OBJC_LITERAL_CONVERSION = YES;
				CLANG_WARN_OBJC_ROOT_CLASS = YES_ERROR;
				CLANG_WARN_QUOTED_INCLUDE_IN_FRAMEWORK_HEADER = YES;
				CLANG_WARN_RANGE_LOOP_ANALYSIS = YES;
				CLANG_WARN_STRICT_PROTOTYPES = YES;
				CLANG_WARN_SUSPICIOUS_MOVE = YES;
				CLANG_WARN_UNGUARDED_AVAILABILITY = YES_AGGRESSIVE;
				CLANG_WARN_UNREACHABLE_CODE = YES;
				CLANG_WARN__DUPLICATE_METHOD_MATCH = YES;
				COPY_PHASE_STRIP = NO;
				DEBUG_INFORMATION_FORMAT = "dwarf-with-dsym";
				ENABLE_NS_ASSERTIONS = NO;
				ENABLE_STRICT_OBJC_MSGSEND = YES;
				GCC_C_LANGUAGE_STANDARD = gnu11;
				GCC_NO_COMMON_BLOCKS = YES;
				GCC_WARN_64_TO_32_BIT_CONVERSION = YES;
				GCC_WARN_ABOUT_RETURN_TYPE = YES_ERROR;
				GCC_WARN_UNDECLARED_SELECTOR = YES;
				GCC_WARN_UNINITIALIZED_AUTOS = YES_AGGRESSIVE;
				GCC_WARN_UNUSED_FUNCTION = YES;
				GCC_WARN_UNUSED_VARIABLE = YES;
				HEADER_SEARCH_PATHS = "";
				MTL_ENABLE_DEBUG_INFO = NO;
				MTL_HEADER_SEARCH_PATHS = "$(PROJECT_DIR)/source/**";
				USER_HEADER_SEARCH_PATHS = "";
			};
			name = Release;
		};
		8307E7F420E9F9C900473790 /* Debug */ = {
			isa = XCBuildConfiguration;
			buildSettings = {
				CODE_SIGN_IDENTITY = "-";
				CODE_SIGN_STYLE = Automatic;
				COMBINE_HIDPI_IMAGES = YES;
				DEVELOPMENT_TEAM = "";
				GCC_PREPROCESSOR_DEFINITIONS = (
					"METAL_PATH=\\\"/Users/gavin/Documents/GitHub/aspiration/libs/mlx/backend/metal/kernels/mlx.metallib\\\"",
					"DEBUG=1",
				);
				HEADER_SEARCH_PATHS = (
					"$(PROJECT_DIR)/libs/imgui/**",
					"$(PROJECT_DIR)/libs",
				);
				INFOPLIST_FILE = "$(SRCROOT)/source/Info-macOS.plist";
				INFOPLIST_KEY_CFBundleDisplayName = aspiration;
				LD_QUOTE_LINKER_ARGUMENTS_FOR_COMPILER_DRIVER = YES;
				LD_RUNPATH_SEARCH_PATHS = "$(inherited) @executable_path/../Frameworks";
				LIBRARY_SEARCH_PATHS = (
					"$(inherited)",
					"$(PROJECT_DIR)/libs",
				);
				MACOSX_DEPLOYMENT_TARGET = 14.0;
				OTHER_LDFLAGS = "-v";
				PRODUCT_BUNDLE_IDENTIFIER = org.discreetsignals.aspiration;
				PRODUCT_NAME = aspiration;
				SDKROOT = macosx;
				USER_HEADER_SEARCH_PATHS = "$(PROJECT_DIR)/libs/imgui/** $(PROJECT_DIR)/libs";
			};
			name = Debug;
		};
		8307E7F520E9F9C900473790 /* Release */ = {
			isa = XCBuildConfiguration;
			buildSettings = {
				CODE_SIGN_IDENTITY = "-";
				CODE_SIGN_STYLE = Automatic;
				COMBINE_HIDPI_IMAGES = YES;
				DEVELOPMENT_TEAM = "";
				GCC_PREPROCESSOR_DEFINITIONS = "METAL_PATH=\\\"/Users/gavin/Documents/GitHub/aspiration/libs/mlx/backend/metal/kernels/mlx.metallib\\\"";
				HEADER_SEARCH_PATHS = (
					"$(PROJECT_DIR)/libs/imgui/**",
					"$(PROJECT_DIR)/libs",
				);
				INFOPLIST_FILE = "$(SRCROOT)/source/Info-macOS.plist";
				INFOPLIST_KEY_CFBundleDisplayName = aspiration;
				LD_QUOTE_LINKER_ARGUMENTS_FOR_COMPILER_DRIVER = YES;
				LD_RUNPATH_SEARCH_PATHS = "$(inherited) @executable_path/../Frameworks";
				LIBRARY_SEARCH_PATHS = (
					"$(inherited)",
					"$(PROJECT_DIR)/libs",
				);
				MACOSX_DEPLOYMENT_TARGET = 14.0;
				ONLY_ACTIVE_ARCH = YES;
				OTHER_LDFLAGS = "-v";
				PRODUCT_BUNDLE_IDENTIFIER = org.discreetsignals.aspiration;
				PRODUCT_NAME = aspiration;
				SDKROOT = macosx;
				USER_HEADER_SEARCH_PATHS = "$(PROJECT_DIR)/libs/imgui/** $(PROJECT_DIR)/libs";
			};
			name = Release;
		};
/* End XCBuildConfiguration section */

/* Begin XCConfigurationList section */
		8307E7B920E9F9C700473790 /* Build configuration list for PBXProject "aspiration" */ = {
			isa = XCConfigurationList;
			buildConfigurations = (
				8307E7EE20E9F9C900473790 /* Debug */,
				8307E7EF20E9F9C900473790 /* Release */,
			);
			defaultConfigurationIsVisible = 0;
			defaultConfigurationName = Release;
		};
		8307E7F320E9F9C900473790 /* Build configuration list for PBXNativeTarget "application" */ = {
			isa = XCConfigurationList;
			buildConfigurations = (
				8307E7F420E9F9C900473790 /* Debug */,
				8307E7F520E9F9C900473790 /* Release */,
			);
			defaultConfigurationIsVisible = 0;
			defaultConfigurationName = Release;
		};
/* End XCConfigurationList section */
	};
	rootObject = 8307E7B620E9F9C700473790 /* Project object */;
}
